{
  "originHash" : "f00a3e2f1aa5fd3d3ac72bd1e86474f45d01b2a2bcf3ae04e25dd644c396928a",
  "pins" : [
    {
      "identity" : "bettersegmentedcontrol",
      "kind" : "remoteSourceControl",
      "location" : "https://github.com/gmarm/BetterSegmentedControl.git",
      "state" : {
        "revision" : "a2b2116761f71320cee7e69b4249863f0f372c71",
        "version" : "2.0.1"
      }
    },
    {
      "identity" : "blankslate",
      "kind" : "remoteSourceControl",
      "location" : "https://github.com/Daiuno/BlankSlate.git",
      "state" : {
        "branch" : "main",
        "revision" : "43e1f60d26a7f1610c88eb8ecfd51b4ebd2fd5bc"
      }
    },
    {
      "identity" : "bluruikit",
      "kind" : "remoteSourceControl",
      "location" : "https://github.com/TimOliver/BlurUIKit.git",
      "state" : {
        "revision" : "88bf16a9d38ec439026762eb2a0ce4250674ee83",
        "version" : "1.1.1"
      }
    },
    {
      "identity" : "brightfutures",
      "kind" : "remoteSourceControl",
      "location" : "https://github.com/Thomvis/BrightFutures.git",
      "state" : {
        "revision" : "fa66fa183dce7196d431244d0215748cd14c5758",
        "version" : "8.2.0"
      }
    },
    {
      "identity" : "chromacolorpicker",
      "kind" : "remoteSourceControl",
      "location" : "https://github.com/Daiuno/ChromaColorPicker.git",
      "state" : {
        "branch" : "master",
        "revision" : "761352a9544e3be0d71a31e40a6a95998e0ca175"
      }
    },
    {
      "identity" : "closures",
      "kind" : "remoteSourceControl",
      "location" : "https://github.com/Daiuno/Closures.git",
      "state" : {
        "branch" : "master",
        "revision" : "753461ec512d78eb963fc024cd8d6ae793e27f04"
      }
    },
    {
      "identity" : "cloudservicekit",
      "kind" : "remoteSourceControl",
      "location" : "https://github.com/Daiuno/CloudServiceKit.git",
      "state" : {
        "branch" : "main",
        "revision" : "115586198a5282869327d20239bf308f32e59ba1"
      }
    },
    {
      "identity" : "collectionviewpaginglayout",
      "kind" : "remoteSourceControl",
      "location" : "https://github.com/Daiuno/CollectionViewPagingLayout.git",
      "state" : {
        "branch" : "master",
        "revision" : "69f3fca7e144babb5925961ddf9654b504c4b277"
      }
    },
    {
      "identity" : "colorfulx",
      "kind" : "remoteSourceControl",
      "location" : "https://github.com/Lakr233/ColorfulX.git",
      "state" : {
        "branch" : "main",
        "revision" : "62c31053a270330f6a3f31ac2d80c47782f56506"
      }
    },
    {
      "identity" : "colorvector",
      "kind" : "remoteSourceControl",
      "location" : "https://github.com/Lakr233/ColorVector.git",
      "state" : {
        "revision" : "031ce6ce65c0b347fb192302aa8ec4a17cc1494f",
        "version" : "1.0.3"
      }
    },
    {
      "identity" : "confettiswiftui",
      "kind" : "remoteSourceControl",
      "location" : "https://github.com/simibac/ConfettiSwiftUI.git",
      "state" : {
        "revision" : "9ae5bc2ce2149980884d4612321c3a266d6bf82c"
      }
    },
    {
      "identity" : "deltacore",
      "kind" : "remoteSourceControl",
      "location" : "https://github.com/Daiuno/DeltaCore.git",
      "state" : {
        "branch" : "manicemu",
        "revision" : "d85bcf3e37ea9249db8b0b758e64d2bf1f1b7920"
      }
    },
    {
      "identity" : "device",
      "kind" : "remoteSourceControl",
      "location" : "https://github.com/Ekhoo/Device.git",
      "state" : {
        "branch" : "master",
        "revision" : "71e601c9b2ad1ca413b69cdab52009f78625060f"
      }
    },
    {
      "identity" : "dnspageview",
      "kind" : "remoteSourceControl",
      "location" : "https://github.com/Daiuno/DNSPageView.git",
      "state" : {
        "branch" : "master",
        "revision" : "b7eeb6d8b2eff531ef0d49f27f7bdd48351fc997"
      }
    },
    {
      "identity" : "dominantcolors",
      "kind" : "remoteSourceControl",
      "location" : "https://github.com/DenDmitriev/DominantColors.git",
      "state" : {
        "revision" : "a05327d36092c47e9ddc77ce565eb35a5b4a4a6e",
        "version" : "1.2.2"
      }
    },
    {
      "identity" : "erik",
      "kind" : "remoteSourceControl",
      "location" : "https://github.com/phimage/Erik.git",
      "state" : {
        "revision" : "109a130e9cdb00789a43a7a625293eeb12d22989",
        "version" : "5.1.0"
      }
    },
    {
      "identity" : "filekit",
      "kind" : "remoteSourceControl",
      "location" : "https://github.com/nvzqz/FileKit.git",
      "state" : {
        "revision" : "9006d2888025fbe893c3c396327b2fe45a8c177b",
        "version" : "6.1.0"
      }
    },
    {
      "identity" : "fireworks",
      "kind" : "remoteSourceControl",
      "location" : "https://github.com/Daiuno/fireworks.git",
      "state" : {
        "branch" : "master",
        "revision" : "e6dc2af5587662be191ab0ad438ae692dd3b8d02"
      }
    },
    {
      "identity" : "flex",
      "kind" : "remoteSourceControl",
      "location" : "https://github.com/FLEXTool/FLEX.git",
      "state" : {
        "branch" : "master",
        "revision" : "d2ebc254062e16a252cdc40ce34119cfef7713fd"
      }
    },
    {
      "identity" : "fluentdarkmodekit",
      "kind" : "remoteSourceControl",
      "location" : "https://github.com/Daiuno/FluentDarkModeKit.git",
      "state" : {
        "branch" : "master",
        "revision" : "3de631ffca1214069290577a86a95a01d6037a54"
      }
    },
    {
      "identity" : "fuse-swift",
      "kind" : "remoteSourceControl",
      "location" : "https://github.com/krisk/fuse-swift.git",
      "state" : {
        "revision" : "26ba868691b2d8b7bf2b1322951eb591be70ccca",
        "version" : "1.4.0"
      }
    },
    {
      "identity" : "gcdwebserver",
      "kind" : "remoteSourceControl",
      "location" : "https://github.com/Daiuno/GCDWebServer.git",
      "state" : {
        "branch" : "master",
        "revision" : "ae1c203debf02652a14796ec58320d31afeafe79"
      }
    },
    {
      "identity" : "haptica",
      "kind" : "remoteSourceControl",
      "location" : "https://github.com/efremidze/Haptica.git",
      "state" : {
        "revision" : "8fbb3286d1fe525925aea9bd64b0defdd545db5a",
        "version" : "4.0.1"
      }
    },
    {
      "identity" : "hxphotopicker",
      "kind" : "remoteSourceControl",
      "location" : "https://github.com/SilenceLove/HXPhotoPicker.git",
      "state" : {
        "revision" : "bb14e10ef4d8c4e30d509dad13278e9495e37bfa",
        "version" : "5.0.5"
      }
    },
    {
      "identity" : "icecream",
      "kind" : "remoteSourceControl",
      "location" : "https://github.com/Daiuno/IceCream.git",
      "state" : {
        "branch" : "master",
        "revision" : "6602046fd565d8ad49e625050ec4438dfc1dba28"
      }
    },
    {
      "identity" : "iqkeyboardcore",
      "kind" : "remoteSourceControl",
      "location" : "https://github.com/hackiftekhar/IQKeyboardCore.git",
      "state" : {
        "revision" : "4ece00fae7ddff664eb7b2c7d3b4b722bcdd438c",
        "version" : "1.0.9"
      }
    },
    {
      "identity" : "iqkeyboardmanager",
      "kind" : "remoteSourceControl",
      "location" : "https://github.com/hackiftekhar/IQKeyboardManager.git",
      "state" : {
        "revision" : "0972dd6eded87c930fb6ad36b3c5ecd620f06894",
        "version" : "8.0.3"
      }
    },
    {
      "identity" : "iqkeyboardnotification",
      "kind" : "remoteSourceControl",
      "location" : "https://github.com/hackiftekhar/IQKeyboardNotification.git",
      "state" : {
        "revision" : "efa705d7200edd95b6e31e65e25171f7e897f995",
        "version" : "1.0.7"
      }
    },
    {
      "identity" : "iqkeyboardreturnmanager",
      "kind" : "remoteSourceControl",
      "location" : "https://github.com/hackiftekhar/IQKeyboardReturnManager.git",
      "state" : {
        "revision" : "495f694a6e62e431d776b4926a18fc26c62db317",
        "version" : "1.0.6"
      }
    },
    {
      "identity" : "iqkeyboardtoolbar",
      "kind" : "remoteSourceControl",
      "location" : "https://github.com/hackiftekhar/IQKeyboardToolbar.git",
      "state" : {
        "revision" : "81f444408e5ab5d9293c427f96f399ed444f1e95",
        "version" : "1.1.4"
      }
    },
    {
      "identity" : "iqkeyboardtoolbarmanager",
      "kind" : "remoteSourceControl",
      "location" : "https://github.com/hackiftekhar/IQKeyboardToolbarManager.git",
      "state" : {
        "revision" : "9907fa3ef1f1aec26cb11ea752c96ef62359e251",
        "version" : "1.1.5"
      }
    },
    {
      "identity" : "iqtextinputviewnotification",
      "kind" : "remoteSourceControl",
      "location" : "https://github.com/hackiftekhar/IQTextInputViewNotification.git",
      "state" : {
        "revision" : "723784a2197121bb76a940cc6d79fd2fa6c23f43",
        "version" : "1.0.9"
      }
    },
    {
      "identity" : "iqtextview",
      "kind" : "remoteSourceControl",
      "location" : "https://github.com/hackiftekhar/IQTextView.git",
      "state" : {
        "revision" : "76f514eba5218bdf67659168ba227c77da5f75fe",
        "version" : "1.0.5"
      }
    },
    {
      "identity" : "jxbanner",
      "kind" : "remoteSourceControl",
      "location" : "https://github.com/Daiuno/JXBanner.git",
      "state" : {
        "branch" : "master",
        "revision" : "d9df7049a228f843a1e6ea9453c12415159398cc"
      }
    },
    {
      "identity" : "jxpagecontrol",
      "kind" : "remoteSourceControl",
      "location" : "https://github.com/Daiuno/JXPageControl.git",
      "state" : {
        "branch" : "master",
        "revision" : "ab42dbff51fcefd94be5f175b9bf4abb03d95da9"
      }
    },
    {
      "identity" : "kanna",
      "kind" : "remoteSourceControl",
      "location" : "https://github.com/tid-kijyun/Kanna.git",
      "state" : {
        "revision" : "41c3d28ea0eac07e4551b28def9de1ede702e739",
        "version" : "5.3.0"
      }
    },
    {
      "identity" : "keyboardkit",
      "kind" : "remoteSourceControl",
      "location" : "https://github.com/Daiuno/KeyboardKit.git",
      "state" : {
        "branch" : "main",
        "revision" : "14bcebbe92a2b8ab8400c34c81d1aed0f42d9fdf"
      }
    },
    {
      "identity" : "kingfisher",
      "kind" : "remoteSourceControl",
      "location" : "https://github.com/onevcat/Kingfisher.git",
      "state" : {
        "revision" : "cf8be20d07654570554c8a8a4952bc8a5766a8b0",
        "version" : "8.9.0"
      }
    },
    {
      "identity" : "lookinside-release",
      "kind" : "remoteSourceControl",
      "location" : "https://github.com/LookInsideApp/LookInside-Release.git",
      "state" : {
        "revision" : "7c0852b80c379b5bb2f88d34dc25731330a99d33",
        "version" : "0.2.4"
      }
    },
    {
      "identity" : "marqueelabel",
      "kind" : "remoteSourceControl",
      "location" : "https://github.com/Daiuno/MarqueeLabel.git",
      "state" : {
        "branch" : "master",
        "revision" : "2dca83e552d5a769d1116c1636f67578ee3fb41c"
      }
    },
    {
      "identity" : "msdisplaylink",
      "kind" : "remoteSourceControl",
      "location" : "https://github.com/Lakr233/MSDisplayLink.git",
      "state" : {
        "revision" : "ebf5823cb5fc1326639d9a05bc06d16bbe82989f",
        "version" : "2.0.8"
      }
    },
    {
      "identity" : "nvactivityindicatorview",
      "kind" : "remoteSourceControl",
      "location" : "https://github.com/ninjaprox/NVActivityIndicatorView.git",
      "state" : {
        "revision" : "121455c4e630fcb95aaefd7e4257b0c2e3cfe6d5",
        "version" : "5.2.0"
      }
    },
    {
      "identity" : "oauthswift",
      "kind" : "remoteSourceControl",
      "location" : "https://github.com/OAuthSwift/OAuthSwift",
      "state" : {
        "revision" : "d85964b96dbce94df961f28b996187c835089903",
        "version" : "2.2.0"
      }
    },
    {
      "identity" : "permission",
      "kind" : "remoteSourceControl",
      "location" : "https://github.com/Daiuno/Permission.git",
      "state" : {
        "branch" : "master",
        "revision" : "f8a53257000061980d45a619b8fae7c49b10bbc3"
      }
    },
    {
      "identity" : "plzmasdk",
      "kind" : "remoteSourceControl",
      "location" : "https://github.com/OlehKulykov/PLzmaSDK.git",
      "state" : {
        "revision" : "d42ec415ffa0fa45bafd09b9e36e7bf8dfc6c136",
        "version" : "1.5.0"
      }
    },
    {
      "identity" : "prohud",
      "kind" : "remoteSourceControl",
      "location" : "https://github.com/Daiuno/ProHUD.git",
      "state" : {
        "branch" : "main",
        "revision" : "e6a726aaca83fd80eccebad0b7a03967f79c96f6"
      }
    },
    {
      "identity" : "r.swift",
      "kind" : "remoteSourceControl",
      "location" : "https://github.com/mac-cain13/R.swift",
      "state" : {
        "revision" : "a9abc6b0afe0fc4a5a71e1d7d2872143dff2d2f1",
        "version" : "7.8.0"
      }
    },
    {
      "identity" : "realm-core",
      "kind" : "remoteSourceControl",
      "location" : "https://github.com/Daiuno/realm-core.git",
      "state" : {
        "branch" : "manicemu",
        "revision" : "51524f01d0a84c51fe09ab5808830e2f39093d57"
      }
    },
    {
      "identity" : "realm-swift",
      "kind" : "remoteSourceControl",
      "location" : "https://github.com/Daiuno/realm-swift.git",
      "state" : {
        "branch" : "manicemu",
        "revision" : "e54251d0167a950de1f3747bc547930b8e9cdd04"
      }
    },
    {
      "identity" : "schedule",
      "kind" : "remoteSourceControl",
      "location" : "https://github.com/luoxiu/Schedule.git",
      "state" : {
        "revision" : "e388fcab1d870f32c0359a414fda81b8e81b98c9",
        "version" : "2.1.1"
      }
    },
    {
      "identity" : "sfsafesymbols",
      "kind" : "remoteSourceControl",
      "location" : "https://github.com/SFSafeSymbols/SFSafeSymbols.git",
      "state" : {
        "revision" : "e01b3d4f861412f8dcee8d93c417d2c2b0cdfd77",
        "version" : "7.0.0"
      }
    },
    {
      "identity" : "showtouches",
      "kind" : "remoteSourceControl",
      "location" : "https://github.com/Cyberbeni/ShowTouches.git",
      "state" : {
        "branch" : "master",
        "revision" : "ca11972f297a23a152a459dabe4821f314cc9c75"
      }
    },
    {
      "identity" : "sidemenu",
      "kind" : "remoteSourceControl",
      "location" : "https://github.com/jonkykong/SideMenu.git",
      "state" : {
        "revision" : "8bd4fd128923cf5494fa726839af8afe12908ad9",
        "version" : "6.5.0"
      }
    },
    {
      "identity" : "smartcodable",
      "kind" : "remoteSourceControl",
      "location" : "https://github.com/intsig171/SmartCodable.git",
      "state" : {
        "revision" : "6283163c1a649a6bacd4bf259bec9180cc15bc69",
        "version" : "4.3.7"
      }
    },
    {
      "identity" : "smbclient",
      "kind" : "remoteSourceControl",
      "location" : "https://github.com/Daiuno/SMBClient.git",
      "state" : {
        "branch" : "main",
        "revision" : "8e94e1c38baa0cb9d0c3c1bb89ed92979b009f4a"
      }
    },
    {
      "identity" : "snapkit",
      "kind" : "remoteSourceControl",
      "location" : "https://github.com/SnapKit/SnapKit.git",
      "state" : {
        "revision" : "e27a338a03a5f388de759da63f9baf7988ed9e00",
        "version" : "6.0.0"
      }
    },
    {
      "identity" : "springinterpolation",
      "kind" : "remoteSourceControl",
      "location" : "https://github.com/Lakr233/SpringInterpolation.git",
      "state" : {
        "revision" : "f9d1ee3d2466bdb00fd0ade7f256ed20229c8413",
        "version" : "1.3.0"
      }
    },
    {
      "identity" : "sqlcipher.swift",
      "kind" : "remoteSourceControl",
      "location" : "https://github.com/sqlcipher/SQLCipher.swift",
      "state" : {
        "revision" : "07bf6bc2191a063d6f1e7c3b5f276a3fadfe36b7",
        "version" : "4.16.0"
      }
    },
    {
      "identity" : "sqlite.swift",
      "kind" : "remoteSourceControl",
      "location" : "https://github.com/stephencelis/SQLite.swift.git",
      "state" : {
        "revision" : "964c300fb0736699ce945c9edb56ecd62eba27a3",
        "version" : "0.16.0"
      }
    },
    {
      "identity" : "sqlitecipher",
      "kind" : "remoteSourceControl",
      "location" : "https://github.com/Daiuno/SQLiteCipher.git",
      "state" : {
        "branch" : "main",
        "revision" : "f6e03c8395ea6d017fab446243848522adf51270"
      }
    },
    {
      "identity" : "swift-argument-parser",
      "kind" : "remoteSourceControl",
      "location" : "https://github.com/apple/swift-argument-parser",
      "state" : {
        "revision" : "41982a3656a71c768319979febd796c6fd111d5c",
        "version" : "1.5.0"
      }
    },
    {
      "identity" : "swiftclouddrive",
      "kind" : "remoteSourceControl",
      "location" : "https://github.com/drewmccormack/SwiftCloudDrive.git",
      "state" : {
        "revision" : "4f2f38724d6a8724f727c1bc10d9cddd17fbb9e8",
        "version" : "1.4.4"
      }
    },
    {
      "identity" : "swifter",
      "kind" : "remoteSourceControl",
      "location" : "https://github.com/httpswift/swifter.git",
      "state" : {
        "revision" : "9483a5d459b45c3ffd059f7b55f9638e268632fd",
        "version" : "1.5.0"
      }
    },
    {
      "identity" : "swifterswift",
      "kind" : "remoteSourceControl",
      "location" : "https://github.com/SwifterSwift/SwifterSwift.git",
      "state" : {
        "revision" : "5d948a15446bddb6c367bc7e7100cfcbaa0e9b57",
        "version" : "8.0.0"
      }
    },
    {
      "identity" : "swiftsdl2",
      "kind" : "remoteSourceControl",
      "location" : "https://github.com/ctreffs/SwiftSDL2",
      "state" : {
        "revision" : "df30583c88c8bb7bccaf8875f0ec4a39cb149fba"
      }
    },
    {
      "identity" : "swiftsoup",
      "kind" : "remoteSourceControl",
      "location" : "https://github.com/scinfu/SwiftSoup.git",
      "state" : {
        "revision" : "bba848db50462894e7fc0891d018dfecad4ef11e",
        "version" : "2.8.7"
      }
    },
    {
      "identity" : "swipecellkit",
      "kind" : "remoteSourceControl",
      "location" : "https://github.com/Daiuno/SwipeCellKit.git",
      "state" : {
        "branch" : "develop",
        "revision" : "cc822c1bf2611f3b1b1ed3567e99acc63e5da903"
      }
    },
    {
      "identity" : "swxmlhash",
      "kind" : "remoteSourceControl",
      "location" : "https://github.com/drmohundro/SWXMLHash.git",
      "state" : {
        "revision" : "a853604c9e9a83ad9954c7e3d2a565273982471f",
        "version" : "7.0.2"
      }
    },
    {
      "identity" : "tiercel",
      "kind" : "remoteSourceControl",
      "location" : "https://github.com/Danie1s/Tiercel.git",
      "state" : {
        "revision" : "fdcadad35f3136d0b7677dec2b2c019074b852e3",
        "version" : "3.2.10"
      }
    },
    {
      "identity" : "universaldetector",
      "kind" : "remoteSourceControl",
      "location" : "https://github.com/Daiuno/UniversalDetector.git",
      "state" : {
        "branch" : "master",
        "revision" : "08dbaa487a89fe83396150735f2b94f3990d2f4a"
      }
    },
    {
      "identity" : "visualeffectview",
      "kind" : "remoteSourceControl",
      "location" : "https://github.com/efremidze/VisualEffectView.git",
      "state" : {
        "revision" : "d18895b4ad2506ebbed50dc1f193efb8ff44738c",
        "version" : "6.0.0"
      }
    },
    {
      "identity" : "webdavkitswift",
      "kind" : "remoteSourceControl",
      "location" : "https://github.com/fanjiashu/WebDAVKitSwift.git",
      "state" : {
        "revision" : "83c0ae88626c16b7ce8ef9eca1c4c291d12053f3",
        "version" : "1.59.0"
      }
    },
    {
      "identity" : "xcglogger",
      "kind" : "remoteSourceControl",
      "location" : "https://github.com/DaveWoodCom/XCGLogger.git",
      "state" : {
        "revision" : "4def3c1c772ca90ad5e7bfc8ac437c3b0b4276cf",
        "version" : "7.1.5"
      }
    },
    {
      "identity" : "xcodeedit",
      "kind" : "remoteSourceControl",
      "location" : "https://github.com/tomlokhorst/XcodeEdit",
      "state" : {
        "revision" : "0e550cdee72844b35431afc3a1e176042be6d0f0",
        "version" : "2.13.0"
      }
    },
    {
      "identity" : "ziparchive",
      "kind" : "remoteSourceControl",
      "location" : "https://github.com/Daiuno/ZipArchive.git",
      "state" : {
        "branch" : "main",
        "revision" : "2f87fe48ff1bc7dbbe43c51a00014fa553128ab4"
      }
    },
    {
      "identity" : "zipfoundation",
      "kind" : "remoteSourceControl",
      "location" : "https://github.com/Daiuno/ZIPFoundation.git",
      "state" : {
        "branch" : "development",
        "revision" : "adbce8c3127962d05260c05c0e0ff49394d943f7"
      }
    },
    {
      "identity" : "zstd",
      "kind" : "remoteSourceControl",
      "location" : "https://github.com/facebook/zstd",
      "state" : {
        "revision" : "5233c58e6ca0b1c4c6b353ad79649191ed195bdc"
      }
    }
  ],
  "version" : 3
}
